<?xml version="1.0" encoding="utf-8"?>
<Project ToolsVersion="4.0" xmlns="http://schemas.microsoft.com/developer/msbuild/2003">
  <ItemGroup>
    <Filter Include="imgui">
      <UniqueIdentifier>{2e332790-a24d-4490-a0ce-c1891b734439}</UniqueIdentifier>
    </Filter>
    <Filter Include="sources">
      <UniqueIdentifier>{4FC737F1-C7A5-4376-A066-2A32D752A2FF}</UniqueIdentifier>
      <Extensions>cpp;c;cc;cxx;c++;cppm;ixx;def;odl;idl;hpj;bat;asm;asmx</Extensions>
    </Filter>
    <Filter Include="sources\Main">
      <UniqueIdentifier>{7f1e109c-9a5d-49cc-8cdd-343b53296288}</UniqueIdentifier>
    </Filter>
    <Filter Include="sources\Utility">
      <UniqueIdentifier>{19e41620-9e21-4c73-b7d2-6e2e684ad5f5}</UniqueIdentifier>
    </Filter>
    <Filter Include="sources\Render">
      <UniqueIdentifier>{b16d67f4-c733-4193-9a53-c9768707f2e5}</UniqueIdentifier>
    </Filter>
    <Filter Include="sources\UI">
      <UniqueIdentifier>{e67e732e-7e23-49f6-82bc-b74c3990d933}</UniqueIdentifier>
    </Filter>
    <Filter Include="sources\Core">
      <UniqueIdentifier>{4b9713f1-e0a0-44de-adc8-e639e04a8c14}</UniqueIdentifier>
    </Filter>
    <Filter Include="sources\Simulation">
      <UniqueIdentifier>{ede57f02-9691-4eb2-844e-1d66b4d22a83}</UniqueIdentifier>
    </Filter>
    <Filter Include="sources\Compute">
      <UniqueIdentifier>{f233e260-46f7-4093-9f8f-147abc549897}</UniqueIdentifier>
    </Filter>
  </ItemGroup>
  <ItemGroup>
    <ClCompile Include="Libraries\imgui\imgui.cpp">
      <Filter>imgui</Filter>
    </ClCompile>
    <ClCompile Include="Libraries\imgui\imgui_demo.cpp">
      <Filter>imgui</Filter>
    </ClCompile>
    <ClCompile Include="Libraries\imgui\imgui_draw.cpp">
      <Filter>imgui</Filter>
    </ClCompile>
    <ClCompile Include="Libraries\imgui\imgui_tables.cpp">
      <Filter>imgui</Filter>
    </ClCompile>
    <ClCompile Include="Libraries\imgui\imgui_widgets.cpp">
      <Filter>imgui</Filter>
    </ClCompile>
    <ClCompile Include="Libraries\imgui\backends\imgui_impl_glfw.cpp">
      <Filter>imgui</Filter>
    </ClCompile>
    <ClCompile Include="Libraries\imgui\backends\imgui_impl_vulkan.cpp">
      <Filter>imgui</Filter>
    </ClCompile>
    <ClCompile Include="Sources\SimulationPanel.cpp">
      <Filter>sources\UI</Filter>
    </ClCompile>
    <ClCompile Include="Sources\MainApplication.cpp">
      <Filter>sources\Main</Filter>
    </ClCompile>
    <ClCompile Include="Sources\main.cpp">
      <Filter>sources\Main</Filter>
    </ClCompile>
    <ClCompile Include="Sources\MeshObject.cpp">
      <Filter>sources\Render</Filter>
    </ClCompile>
    <ClCompile Include="Sources\MeshModel.cpp">
      <Filter>sources\Render</Filter>
    </ClCompile>
    <ClCompile Include="Sources\VulkanUtility.cpp">
      <Filter>sources\Utility</Filter>
    </ClCompile>
    <ClCompile Include="Sources\Vertex.cpp">
      <Filter>sources\Render</Filter>
    </ClCompile>
    <ClCompile Include="Sources\UIModel.cpp">
      <Filter>sources\UI</Filter>
    </ClCompile>
    <ClCompile Include="Sources\VulkanCore.cpp">
      <Filter>sources\Core</Filter>
    </ClCompile>
    <ClCompile Include="Sources\Camera.cpp">
      <Filter>sources\Render</Filter>
    </ClCompile>
    <ClCompile Include="Sources\DirectionalLight.cpp">
      <Filter>sources\Render</Filter>
    </ClCompile>
    <ClCompile Include="Sources\SimulatedScene.cpp">
      <Filter>sources\Simulation</Filter>
    </ClCompile>
    <ClCompile Include="Sources\HashGrid.cpp">
      <Filter>sources\Simulation</Filter>
    </ClCompile>
    <ClCompile Include="Sources\Kernel.cpp">
      <Filter>sources\Simulation</Filter>
    </ClCompile>
    <ClCompile Include="Sources\BVH.cpp">
      <Filter>sources\Simulation</Filter>
    </ClCompile>
    <ClCompile Include="Sources\MarchingCubes.cpp">
      <Filter>sources\Compute</Filter>
    </ClCompile>
    <ClCompile Include="Sources\DescriptorHelper.cpp">
      <Filter>sources\Utility</Filter>
    </ClCompile>
    <ClCompile Include="Sources\ModelBase.cpp">
      <Filter>sources\Render</Filter>
    </ClCompile>
    <ClCompile Include="Sources\ComputeBase.cpp">
      <Filter>sources\Compute</Filter>
    </ClCompile>
    <ClCompile Include="Sources\RenderingPanel.cpp">
      <Filter>sources\UI</Filter>
    </ClCompile>
    <ClCompile Include="Sources\MarchingCubesTable.cpp">
      <Filter>sources\Compute</Filter>
    </ClCompile>
  </ItemGroup>
  <ItemGroup>
    <ClInclude Include="Libraries\imgui\imconfig.h">
      <Filter>imgui</Filter>
    </ClInclude>
    <ClInclude Include="Libraries\imgui\imgui.h">
      <Filter>imgui</Filter>
    </ClInclude>
    <ClInclude Include="Libraries\imgui\imgui_internal.h">
      <Filter>imgui</Filter>
    </ClInclude>
    <ClInclude Include="Libraries\imgui\backends\imgui_impl_glfw.h">
      <Filter>imgui</Filter>
    </ClInclude>
    <ClInclude Include="Libraries\imgui\backends\imgui_impl_vulkan.h">
      <Filter>imgui</Filter>
    </ClInclude>
    <ClInclude Include="Sources\SimulationPanel.h">
      <Filter>sources\UI</Filter>
    </ClInclude>
    <ClInclude Include="Sources\PanelBase.h">
      <Filter>sources\UI</Filter>
    </ClInclude>
    <ClInclude Include="Sources\MainApplication.h">
      <Filter>sources\Main</Filter>
    </ClInclude>
    <ClInclude Include="Sources\Delegate.h">
      <Filter>sources\Utility</Filter>
    </ClInclude>
    <ClInclude Include="Sources\MeshObject.h">
      <Filter>sources\Render</Filter>
    </ClInclude>
    <ClInclude Include="Sources\ModelBase.h">
      <Filter>sources\Render</Filter>
    </ClInclude>
    <ClInclude Include="Sources\MeshModel.h">
      <Filter>sources\Render</Filter>
    </ClInclude>
    <ClInclude Include="Sources\VulkanUtility.h">
      <Filter>sources\Utility</Filter>
    </ClInclude>
    <ClInclude Include="Sources\Vertex.h">
      <Filter>sources\Render</Filter>
    </ClInclude>
    <ClInclude Include="Sources\UIModel.h">
      <Filter>sources\UI</Filter>
    </ClInclude>
    <ClInclude Include="Sources\VulkanCore.h">
      <Filter>sources\Core</Filter>
    </ClInclude>
    <ClInclude Include="Sources\Camera.h">
      <Filter>sources\Render</Filter>
    </ClInclude>
    <ClInclude Include="Sources\DirectionalLight.h">
      <Filter>sources\Render</Filter>
    </ClInclude>
    <ClInclude Include="Sources\SimulatedScene.h">
      <Filter>sources\Simulation</Filter>
    </ClInclude>
    <ClInclude Include="Sources\HashGrid.h">
      <Filter>sources\Simulation</Filter>
    </ClInclude>
    <ClInclude Include="Sources\Kernel.h">
      <Filter>sources\Simulation</Filter>
    </ClInclude>
    <ClInclude Include="Sources\BVH.h">
      <Filter>sources\Simulation</Filter>
    </ClInclude>
    <ClInclude Include="Sources\Triangle.h">
      <Filter>sources\Render</Filter>
    </ClInclude>
    <ClInclude Include="Sources\MarchingCubes.h">
      <Filter>sources\Compute</Filter>
    </ClInclude>
    <ClInclude Include="Sources\ComputeBase.h">
      <Filter>sources\Compute</Filter>
    </ClInclude>
    <ClInclude Include="Sources\DescriptorHelper.h">
      <Filter>sources\Utility</Filter>
    </ClInclude>
    <ClInclude Include="Sources\RenderingPanel.h">
      <Filter>sources\UI</Filter>
    </ClInclude>
    <ClInclude Include="Sources\SimulationParameters.h">
      <Filter>sources\Simulation</Filter>
    </ClInclude>
  </ItemGroup>
</Project>